
Microsoft Visual Studio Solution File, Format Version 12.00
# Visual Studio Version 17
VisualStudioVersion = 17.4.33403.182
MinimumVisualStudioVersion = 10.0.40219.1
Project("{FAE04EC0-301F-11D3-BF4B-00C04F79EFBC}") = "IntSystMod1", "IntSystMod1\IntSystMod1.csproj", "{98B26E6B-7F4C-439A-9123-E9D0D448567D}"
EndProject
Global
	GlobalSection(SolutionConfigurationPlatforms) = preSolution
		Debug|Any CPU = Debug|Any CPU
		Release|Any CPU = Release|Any CPU
	EndGlobalSection
	GlobalSection(ProjectConfigurationPlatforms) = postSolution
		{98B26E6B-7F4C-439A-9123-E9D0D448567D}.Debug|Any CPU.ActiveCfg = Debug|Any CPU
		{98B26E6B-7F4C-439A-9123-E9D0D448567D}.Debug|Any CPU.Build.0 = Debug|Any CPU
		{98B26E6B-7F4C-439A-9123-E9D0D448567D}.Release|Any CPU.ActiveCfg = Release|Any CPU
		{98B26E6B-7F4C-439A-9123-E9D0D448567D}.Release|Any CPU.Build.0 = Release|Any CPU
	EndGlobalSection
	GlobalSection(SolutionProperties) = preSolution
		HideSolutionNode = FALSE
	EndGlobalSection
	GlobalSection(ExtensibilityGlobals) = postSolution
		SolutionGuid = {6113578C-F815-44CE-A22A-C7A9D9D32614}
	EndGlobalSection
EndGlobal
